
Microsoft Visual Studio Solution File, Format Version 12.00
# Visual Studio Version 17
VisualStudioVersion = 17.11.35219.272
MinimumVisualStudioVersion = 10.0.40219.1
Project("{FAE04EC0-301F-11D3-BF4B-00C04F79EFBC}") = "Module02Activity01", "Module02Activity01.csproj", "{38435D84-3184-4471-B602-B42BBE0DCCDE}"
EndProject
Global
	GlobalSection(SolutionConfigurationPlatforms) = preSolution
		Debug|Any CPU = Debug|Any CPU
		Release|Any CPU = Release|Any CPU
	EndGlobalSection
	GlobalSection(ProjectConfigurationPlatforms) = postSolution
		{38435D84-3184-4471-B602-B42BBE0DCCDE}.Debug|Any CPU.ActiveCfg = Debug|Any CPU
		{38435D84-3184-4471-B602-B42BBE0DCCDE}.Debug|Any CPU.Build.0 = Debug|Any CPU
		{38435D84-3184-4471-B602-B42BBE0DCCDE}.Debug|Any CPU.Deploy.0 = Debug|Any CPU
		{38435D84-3184-4471-B602-B42BBE0DCCDE}.Release|Any CPU.ActiveCfg = Release|Any CPU
		{38435D84-3184-4471-B602-B42BBE0DCCDE}.Release|Any CPU.Build.0 = Release|Any CPU
		{38435D84-3184-4471-B602-B42BBE0DCCDE}.Release|Any CPU.Deploy.0 = Release|Any CPU
	EndGlobalSection
	GlobalSection(SolutionProperties) = preSolution
		HideSolutionNode = FALSE
	EndGlobalSection
	GlobalSection(ExtensibilityGlobals) = postSolution
		SolutionGuid = {C559611B-D0C7-44C2-BFD1-02EEAC26542A}
	EndGlobalSection
EndGlobal
